
Microsoft Visual Studio Solution File, Format Version 12.00
# Visual Studio 14
VisualStudioVersion = 14.0.25420.1
MinimumVisualStudioVersion = 10.0.40219.1
Project("{2150E333-8FDC-42A3-9474-1A3956D46DE8}") = "src", "src", "{046FF830-F0FC-4DA0-BBC8-C3D0EE9D2A5E}"
EndProject
Project("{2150E333-8FDC-42A3-9474-1A3956D46DE8}") = "Solution Items", "Solution Items", "{87B1665C-3F28-41EB-8D79-40EF359CDDB7}"
	ProjectSection(SolutionItems) = preProject
		global.json = global.json
	EndProjectSection
EndProject
Project("{8BB2217D-0F2D-49D1-97BC-3654ED321F3B}") = "RabbitShelf", "src\RabbitShelf\RabbitShelf.xproj", "{1653C52C-CC20-4631-8139-6BC9FC2DEC67}"
EndProject
Project("{8BB2217D-0F2D-49D1-97BC-3654ED321F3B}") = "RabbitShelf.Demo", "src\RabbitShelf.Demo\RabbitShelf.Demo.xproj", "{F298407E-D13C-41D1-A156-870EB17C2F8E}"
EndProject
Global
	GlobalSection(SolutionConfigurationPlatforms) = preSolution
		Debug|Any CPU = Debug|Any CPU
		Release|Any CPU = Release|Any CPU
	EndGlobalSection
	GlobalSection(ProjectConfigurationPlatforms) = postSolution
		{1653C52C-CC20-4631-8139-6BC9FC2DEC67}.Debug|Any CPU.ActiveCfg = Debug|Any CPU
		{1653C52C-CC20-4631-8139-6BC9FC2DEC67}.Debug|Any CPU.Build.0 = Debug|Any CPU
		{1653C52C-CC20-4631-8139-6BC9FC2DEC67}.Release|Any CPU.ActiveCfg = Release|Any CPU
		{1653C52C-CC20-4631-8139-6BC9FC2DEC67}.Release|Any CPU.Build.0 = Release|Any CPU
		{F298407E-D13C-41D1-A156-870EB17C2F8E}.Debug|Any CPU.ActiveCfg = Debug|Any CPU
		{F298407E-D13C-41D1-A156-870EB17C2F8E}.Debug|Any CPU.Build.0 = Debug|Any CPU
		{F298407E-D13C-41D1-A156-870EB17C2F8E}.Release|Any CPU.ActiveCfg = Release|Any CPU
		{F298407E-D13C-41D1-A156-870EB17C2F8E}.Release|Any CPU.Build.0 = Release|Any CPU
	EndGlobalSection
	GlobalSection(SolutionProperties) = preSolution
		HideSolutionNode = FALSE
	EndGlobalSection
	GlobalSection(NestedProjects) = preSolution
		{1653C52C-CC20-4631-8139-6BC9FC2DEC67} = {046FF830-F0FC-4DA0-BBC8-C3D0EE9D2A5E}
		{F298407E-D13C-41D1-A156-870EB17C2F8E} = {046FF830-F0FC-4DA0-BBC8-C3D0EE9D2A5E}
	EndGlobalSection
EndGlobal
